
Microsoft Visual Studio Solution File, Format Version 12.00
# Visual Studio 15
VisualStudioVersion = 15.0.28307.539
MinimumVisualStudioVersion = 10.0.40219.1
Project("{8BC9CEB8-8B4A-11D0-8D11-00A0C91BC942}") = "WeChatHelper27276", "WeChatHelper27276\WeChatHelper27276.vcxproj", "{C86D3DB4-EB58-44F8-93F0-083BCCD6DDC7}"
EndProject
Project("{8BC9CEB8-8B4A-11D0-8D11-00A0C91BC942}") = "WeChatHelper27188", "WeChatHelper27188\WeChatHelper27188.vcxproj", "{8C06B159-D973-4CC4-946D-86DD1CC84E5A}"
EndProject
Project("{8BC9CEB8-8B4A-11D0-8D11-00A0C91BC942}") = "WeChatHelper26852", "WeChatHelper26852\WeChatHelper26852.vcxproj", "{7DEB0719-3D39-4DE3-9862-9993D2541FEC}"
EndProject
Project("{8BC9CEB8-8B4A-11D0-8D11-00A0C91BC942}") = "WeChatHelper27278", "WeChatHelper27278\WeChatHelper27278.vcxproj", "{EEBE480E-36EF-4921-8359-E440CA1D2174}"
EndProject
Project("{8BC9CEB8-8B4A-11D0-8D11-00A0C91BC942}") = "WeChatHelper28088", "WeChatHelper28088\WeChatHelper28088.vcxproj", "{E25A6694-0E73-4237-ADC7-00BF8F6716B8}"
EndProject
Project("{8BC9CEB8-8B4A-11D0-8D11-00A0C91BC942}") = "WeChatHelper280106", "WeChatHelper280106\WeChatHelper280106.vcxproj", "{D7976BCA-624E-4231-9D28-5F1E9F662DCA}"
EndProject
Global
	GlobalSection(SolutionConfigurationPlatforms) = preSolution
		Debug|x64 = Debug|x64
		Debug|x86 = Debug|x86
		Release|x64 = Release|x64
		Release|x86 = Release|x86
	EndGlobalSection
	GlobalSection(ProjectConfigurationPlatforms) = postSolution
		{C86D3DB4-EB58-44F8-93F0-083BCCD6DDC7}.Debug|x64.ActiveCfg = Debug|x64
		{C86D3DB4-EB58-44F8-93F0-083BCCD6DDC7}.Debug|x64.Build.0 = Debug|x64
		{C86D3DB4-EB58-44F8-93F0-083BCCD6DDC7}.Debug|x86.ActiveCfg = Debug|Win32
		{C86D3DB4-EB58-44F8-93F0-083BCCD6DDC7}.Debug|x86.Build.0 = Debug|Win32
		{C86D3DB4-EB58-44F8-93F0-083BCCD6DDC7}.Release|x64.ActiveCfg = Release|x64
		{C86D3DB4-EB58-44F8-93F0-083BCCD6DDC7}.Release|x64.Build.0 = Release|x64
		{C86D3DB4-EB58-44F8-93F0-083BCCD6DDC7}.Release|x86.ActiveCfg = Release|Win32
		{C86D3DB4-EB58-44F8-93F0-083BCCD6DDC7}.Release|x86.Build.0 = Release|Win32
		{8C06B159-D973-4CC4-946D-86DD1CC84E5A}.Debug|x64.ActiveCfg = Debug|x64
		{8C06B159-D973-4CC4-946D-86DD1CC84E5A}.Debug|x64.Build.0 = Debug|x64
		{8C06B159-D973-4CC4-946D-86DD1CC84E5A}.Debug|x86.ActiveCfg = Debug|Win32
		{8C06B159-D973-4CC4-946D-86DD1CC84E5A}.Debug|x86.Build.0 = Debug|Win32
		{8C06B159-D973-4CC4-946D-86DD1CC84E5A}.Release|x64.ActiveCfg = Release|x64
		{8C06B159-D973-4CC4-946D-86DD1CC84E5A}.Release|x64.Build.0 = Release|x64
		{8C06B159-D973-4CC4-946D-86DD1CC84E5A}.Release|x86.ActiveCfg = Release|Win32
		{8C06B159-D973-4CC4-946D-86DD1CC84E5A}.Release|x86.Build.0 = Release|Win32
		{7DEB0719-3D39-4DE3-9862-9993D2541FEC}.Debug|x64.ActiveCfg = Debug|x64
		{7DEB0719-3D39-4DE3-9862-9993D2541FEC}.Debug|x64.Build.0 = Debug|x64
		{7DEB0719-3D39-4DE3-9862-9993D2541FEC}.Debug|x86.ActiveCfg = Debug|Win32
		{7DEB0719-3D39-4DE3-9862-9993D2541FEC}.Debug|x86.Build.0 = Debug|Win32
		{7DEB0719-3D39-4DE3-9862-9993D2541FEC}.Release|x64.ActiveCfg = Release|x64
		{7DEB0719-3D39-4DE3-9862-9993D2541FEC}.Release|x64.Build.0 = Release|x64
		{7DEB0719-3D39-4DE3-9862-9993D2541FEC}.Release|x86.ActiveCfg = Release|Win32
		{7DEB0719-3D39-4DE3-9862-9993D2541FEC}.Release|x86.Build.0 = Release|Win32
		{EEBE480E-36EF-4921-8359-E440CA1D2174}.Debug|x64.ActiveCfg = Debug|x64
		{EEBE480E-36EF-4921-8359-E440CA1D2174}.Debug|x64.Build.0 = Debug|x64
		{EEBE480E-36EF-4921-8359-E440CA1D2174}.Debug|x86.ActiveCfg = Debug|Win32
		{EEBE480E-36EF-4921-8359-E440CA1D2174}.Debug|x86.Build.0 = Debug|Win32
		{EEBE480E-36EF-4921-8359-E440CA1D2174}.Release|x64.ActiveCfg = Release|x64
		{EEBE480E-36EF-4921-8359-E440CA1D2174}.Release|x64.Build.0 = Release|x64
		{EEBE480E-36EF-4921-8359-E440CA1D2174}.Release|x86.ActiveCfg = Release|Win32
		{EEBE480E-36EF-4921-8359-E440CA1D2174}.Release|x86.Build.0 = Release|Win32
		{E25A6694-0E73-4237-ADC7-00BF8F6716B8}.Debug|x64.ActiveCfg = Debug|x64
		{E25A6694-0E73-4237-ADC7-00BF8F6716B8}.Debug|x64.Build.0 = Debug|x64
		{E25A6694-0E73-4237-ADC7-00BF8F6716B8}.Debug|x86.ActiveCfg = Debug|Win32
		{E25A6694-0E73-4237-ADC7-00BF8F6716B8}.Debug|x86.Build.0 = Debug|Win32
		{E25A6694-0E73-4237-ADC7-00BF8F6716B8}.Release|x64.ActiveCfg = Release|x64
		{E25A6694-0E73-4237-ADC7-00BF8F6716B8}.Release|x64.Build.0 = Release|x64
		{E25A6694-0E73-4237-ADC7-00BF8F6716B8}.Release|x86.ActiveCfg = Release|Win32
		{E25A6694-0E73-4237-ADC7-00BF8F6716B8}.Release|x86.Build.0 = Release|Win32
		{D7976BCA-624E-4231-9D28-5F1E9F662DCA}.Debug|x64.ActiveCfg = Debug|x64
		{D7976BCA-624E-4231-9D28-5F1E9F662DCA}.Debug|x64.Build.0 = Debug|x64
		{D7976BCA-624E-4231-9D28-5F1E9F662DCA}.Debug|x86.ActiveCfg = Debug|Win32
		{D7976BCA-624E-4231-9D28-5F1E9F662DCA}.Debug|x86.Build.0 = Debug|Win32
		{D7976BCA-624E-4231-9D28-5F1E9F662DCA}.Release|x64.ActiveCfg = Release|x64
		{D7976BCA-624E-4231-9D28-5F1E9F662DCA}.Release|x64.Build.0 = Release|x64
		{D7976BCA-624E-4231-9D28-5F1E9F662DCA}.Release|x86.ActiveCfg = Release|Win32
		{D7976BCA-624E-4231-9D28-5F1E9F662DCA}.Release|x86.Build.0 = Release|Win32
	EndGlobalSection
	GlobalSection(SolutionProperties) = preSolution
		HideSolutionNode = FALSE
	EndGlobalSection
	GlobalSection(ExtensibilityGlobals) = postSolution
		SolutionGuid = {2345EEF9-6AF0-4E15-9FB4-494AFAD5EDF7}
	EndGlobalSection
EndGlobal
