
Microsoft Visual Studio Solution File, Format Version 12.00
# Visual Studio 15
VisualStudioVersion = 15.0.28307.539
MinimumVisualStudioVersion = 10.0.40219.1
Project("{8BC9CEB8-8B4A-11D0-8D11-00A0C91BC942}") = "WeChatHelper", "WeChatHelper\WeChatHelper.vcxproj", "{6D6D2632-BB0C-407D-B469-357346116D00}"
EndProject
Global
	GlobalSection(SolutionConfigurationPlatforms) = preSolution
		Debug|x64 = Debug|x64
		Debug|x86 = Debug|x86
		Release|x64 = Release|x64
		Release|x86 = Release|x86
	EndGlobalSection
	GlobalSection(ProjectConfigurationPlatforms) = postSolution
		{6D6D2632-BB0C-407D-B469-357346116D00}.Debug|x64.ActiveCfg = Debug|x64
		{6D6D2632-BB0C-407D-B469-357346116D00}.Debug|x64.Build.0 = Debug|x64
		{6D6D2632-BB0C-407D-B469-357346116D00}.Debug|x86.ActiveCfg = Debug|Win32
		{6D6D2632-BB0C-407D-B469-357346116D00}.Debug|x86.Build.0 = Debug|Win32
		{6D6D2632-BB0C-407D-B469-357346116D00}.Release|x64.ActiveCfg = Release|x64
		{6D6D2632-BB0C-407D-B469-357346116D00}.Release|x64.Build.0 = Release|x64
		{6D6D2632-BB0C-407D-B469-357346116D00}.Release|x86.ActiveCfg = Release|Win32
		{6D6D2632-BB0C-407D-B469-357346116D00}.Release|x86.Build.0 = Release|Win32
	EndGlobalSection
	GlobalSection(SolutionProperties) = preSolution
		HideSolutionNode = FALSE
	EndGlobalSection
	GlobalSection(ExtensibilityGlobals) = postSolution
		SolutionGuid = {2345EEF9-6AF0-4E15-9FB4-494AFAD5EDF7}
	EndGlobalSection
EndGlobal
